uuid: 77a1e583-9ab2-4f21-99d0-aee6c2930628
langcode: en
status: true
dependencies:
  config:
    - facets.facet.footer_block
  module:
    - facets
  theme:
    - vmsit
id: footerblock
theme: vmsit
region: footer_first
weight: 0
provider: null
plugin: 'facet_block:footer_block'
settings:
  id: 'facet_block:footer_block'
  label: Categories
  provider: facets
  label_display: visible
  block_id: footerblock
visibility: {  }
